
Microsoft Visual Studio Solution File, Format Version 12.00
# Visual Studio Version 16
VisualStudioVersion = 16.0.31112.23
MinimumVisualStudioVersion = 10.0.40219.1
Project("{9A19103F-16F7-4668-BE54-9A1E7A4F7556}") = "PERUSTARS", "PERUSTARS\PERUSTARS.csproj", "{F97EA862-13CF-42B3-A835-8E25A8944330}"
EndProject
Project("{9A19103F-16F7-4668-BE54-9A1E7A4F7556}") = "PERUSTARS.Test", "PERUSTARS.Test\PERUSTARS.Test.csproj", "{C91FE6FE-BB36-416E-9000-57CD01A53BE9}"
EndProject
Project("{9A19103F-16F7-4668-BE54-9A1E7A4F7556}") = "SpecTest", "SpecTest\SpecTest.csproj", "{609D9F08-0019-4D9B-A5BE-7BE6B59198AA}"
EndProject
Global
	GlobalSection(SolutionConfigurationPlatforms) = preSolution
		Debug|Any CPU = Debug|Any CPU
		Release|Any CPU = Release|Any CPU
	EndGlobalSection
	GlobalSection(ProjectConfigurationPlatforms) = postSolution
		{F97EA862-13CF-42B3-A835-8E25A8944330}.Debug|Any CPU.ActiveCfg = Debug|Any CPU
		{F97EA862-13CF-42B3-A835-8E25A8944330}.Debug|Any CPU.Build.0 = Debug|Any CPU
		{F97EA862-13CF-42B3-A835-8E25A8944330}.Release|Any CPU.ActiveCfg = Release|Any CPU
		{F97EA862-13CF-42B3-A835-8E25A8944330}.Release|Any CPU.Build.0 = Release|Any CPU
		{C91FE6FE-BB36-416E-9000-57CD01A53BE9}.Debug|Any CPU.ActiveCfg = Debug|Any CPU
		{C91FE6FE-BB36-416E-9000-57CD01A53BE9}.Debug|Any CPU.Build.0 = Debug|Any CPU
		{C91FE6FE-BB36-416E-9000-57CD01A53BE9}.Release|Any CPU.ActiveCfg = Release|Any CPU
		{C91FE6FE-BB36-416E-9000-57CD01A53BE9}.Release|Any CPU.Build.0 = Release|Any CPU
		{609D9F08-0019-4D9B-A5BE-7BE6B59198AA}.Debug|Any CPU.ActiveCfg = Debug|Any CPU
		{609D9F08-0019-4D9B-A5BE-7BE6B59198AA}.Debug|Any CPU.Build.0 = Debug|Any CPU
		{609D9F08-0019-4D9B-A5BE-7BE6B59198AA}.Release|Any CPU.ActiveCfg = Release|Any CPU
		{609D9F08-0019-4D9B-A5BE-7BE6B59198AA}.Release|Any CPU.Build.0 = Release|Any CPU
	EndGlobalSection
	GlobalSection(SolutionProperties) = preSolution
		HideSolutionNode = FALSE
	EndGlobalSection
	GlobalSection(ExtensibilityGlobals) = postSolution
		SolutionGuid = {BCA52580-14DD-4509-92A0-E4BA1BF6CDB5}
	EndGlobalSection
EndGlobal
